
Microsoft Visual Studio Solution File, Format Version 12.00
# Visual Studio 15
VisualStudioVersion = 15.0.28307.645
MinimumVisualStudioVersion = 10.0.40219.1
Project("{FAE04EC0-301F-11D3-BF4B-00C04F79EFBC}") = "Sdt.Web.Api", "Sdt.Web.Api\Sdt.Web.Api.csproj", "{C1EF00B6-38BE-4DA2-8446-CC6ADFE6B3BA}"
EndProject
Project("{FAE04EC0-301F-11D3-BF4B-00C04F79EFBC}") = "Sdt.Bo", "Sdt.Bo\Sdt.Bo.csproj", "{30390F57-A219-483D-8004-EBD3D765A705}"
EndProject
Project("{FAE04EC0-301F-11D3-BF4B-00C04F79EFBC}") = "Sdt.Data", "Sdt.Data\Sdt.Data.csproj", "{ED71AD6C-C065-45E3-BA0B-EC26BEB6DC7B}"
EndProject
Project("{FAE04EC0-301F-11D3-BF4B-00C04F79EFBC}") = "Sdt.Web.Common", "Sdt.Web.Common\Sdt.Web.Common.csproj", "{DC624198-5185-463D-B3BB-FF4CA07C7F60}"
EndProject
Global
	GlobalSection(SolutionConfigurationPlatforms) = preSolution
		Debug|Any CPU = Debug|Any CPU
		Release|Any CPU = Release|Any CPU
	EndGlobalSection
	GlobalSection(ProjectConfigurationPlatforms) = postSolution
		{C1EF00B6-38BE-4DA2-8446-CC6ADFE6B3BA}.Debug|Any CPU.ActiveCfg = Debug|Any CPU
		{C1EF00B6-38BE-4DA2-8446-CC6ADFE6B3BA}.Debug|Any CPU.Build.0 = Debug|Any CPU
		{C1EF00B6-38BE-4DA2-8446-CC6ADFE6B3BA}.Release|Any CPU.ActiveCfg = Release|Any CPU
		{C1EF00B6-38BE-4DA2-8446-CC6ADFE6B3BA}.Release|Any CPU.Build.0 = Release|Any CPU
		{30390F57-A219-483D-8004-EBD3D765A705}.Debug|Any CPU.ActiveCfg = Debug|Any CPU
		{30390F57-A219-483D-8004-EBD3D765A705}.Debug|Any CPU.Build.0 = Debug|Any CPU
		{30390F57-A219-483D-8004-EBD3D765A705}.Release|Any CPU.ActiveCfg = Release|Any CPU
		{30390F57-A219-483D-8004-EBD3D765A705}.Release|Any CPU.Build.0 = Release|Any CPU
		{ED71AD6C-C065-45E3-BA0B-EC26BEB6DC7B}.Debug|Any CPU.ActiveCfg = Debug|Any CPU
		{ED71AD6C-C065-45E3-BA0B-EC26BEB6DC7B}.Debug|Any CPU.Build.0 = Debug|Any CPU
		{ED71AD6C-C065-45E3-BA0B-EC26BEB6DC7B}.Release|Any CPU.ActiveCfg = Release|Any CPU
		{ED71AD6C-C065-45E3-BA0B-EC26BEB6DC7B}.Release|Any CPU.Build.0 = Release|Any CPU
		{DC624198-5185-463D-B3BB-FF4CA07C7F60}.Debug|Any CPU.ActiveCfg = Debug|Any CPU
		{DC624198-5185-463D-B3BB-FF4CA07C7F60}.Debug|Any CPU.Build.0 = Debug|Any CPU
		{DC624198-5185-463D-B3BB-FF4CA07C7F60}.Release|Any CPU.ActiveCfg = Release|Any CPU
		{DC624198-5185-463D-B3BB-FF4CA07C7F60}.Release|Any CPU.Build.0 = Release|Any CPU
	EndGlobalSection
	GlobalSection(SolutionProperties) = preSolution
		HideSolutionNode = FALSE
	EndGlobalSection
	GlobalSection(ExtensibilityGlobals) = postSolution
		SolutionGuid = {708CC57E-951B-4A35-AC3F-E6A445A8F092}
	EndGlobalSection
EndGlobal
